{
  "name": "day1",
  "version": "1.0.0",
  "lockfileVersion": 2,
  "requires": true,
  "packages": {
    "": {
      "name": "day1",
      "version": "1.0.0",
      "license": "ISC",
      "dependencies": {
        "edit-json-file": "^1.7.0",
        "nodemailer": "^6.7.5"
      },
      "devDependencies": {
        "@playwright/test": "^1.22.2",
        "allure-playwright": "^2.0.0-beta.18",
        "mailosaur": "^8.4.0"
      }
    },
    "node_modules/@playwright/test": {
      "version": "1.22.2",
      "resolved": "https://registry.npmjs.org/@playwright/test/-/test-1.22.2.tgz",
      "integrity": "sha512-cCl96BEBGPtptFz7C2FOSN3PrTnJ3rPpENe+gYCMx4GNNDlN4tmo2D89y13feGKTMMAIVrXfSQ/UmaQKLy1XLA==",
      "dev": true,
      "dependencies": {
        "@types/node": "*",
        "playwright-core": "1.22.2"
      },
      "bin": {
        "playwright": "cli.js"
      },
      "engines": {
        "node": ">=14"
      }
    },
    "node_modules/@types/node": {
      "version": "18.0.0",
      "resolved": "https://registry.npmjs.org/@types/node/-/node-18.0.0.tgz",
      "integrity": "sha512-cHlGmko4gWLVI27cGJntjs/Sj8th9aYwplmZFwmmgYQQvL5NUsgVJG7OddLvNfLqYS31KFN0s3qlaD9qCaxACA==",
      "dev": true
    },
    "node_modules/agent-base": {
      "version": "6.0.2",
      "resolved": "https://registry.npmjs.org/agent-base/-/agent-base-6.0.2.tgz",
      "integrity": "sha512-RZNwNclF7+MS/8bDg70amg32dyeZGZxiDuQmZxKLAlQjr3jGyLx+4Kkk58UO7D2QdgFIQCovuSuZESne6RG6XQ==",
      "dev": true,
      "dependencies": {
        "debug": "4"
      },
      "engines": {
        "node": ">= 6.0.0"
      }
    },
    "node_modules/allure-js-commons": {
      "version": "2.0.0-beta.18",
      "resolved": "https://registry.npmjs.org/allure-js-commons/-/allure-js-commons-2.0.0-beta.18.tgz",
      "integrity": "sha512-LKzfsESnaei/rMxrU7A6HRLg+MtTo9j/b0NPeAsCmEawKss3doOIjvpgrTPtO03mgUwre2+neztg8Lm3WmXsmQ==",
      "dev": true,
      "dependencies": {
        "mkdirp": "^1.0.4",
        "properties": "^1.2.1",
        "uuid": "^8.3.0"
      }
    },
    "node_modules/allure-playwright": {
      "version": "2.0.0-beta.18",
      "resolved": "https://registry.npmjs.org/allure-playwright/-/allure-playwright-2.0.0-beta.18.tgz",
      "integrity": "sha512-JUzmZawLWqpHc8iyJcwB5AVxqMVpjmiGwOh30g2PzsrjJv1/gLhHTHeS0fhVzhvM4zYgseTZmdVbpmnjdtxp7g==",
      "dev": true,
      "dependencies": {
        "allure-js-commons": "2.0.0-beta.18"
      }
    },
    "node_modules/debug": {
      "version": "4.3.4",
      "resolved": "https://registry.npmjs.org/debug/-/debug-4.3.4.tgz",
      "integrity": "sha512-PRWFHuSU3eDtQJPvnNY7Jcket1j0t5OuOsFzPPzsekD52Zl8qUfFIPEiswXqIvHWGVHOgX+7G/vCNNhehwxfkQ==",
      "dev": true,
      "dependencies": {
        "ms": "2.1.2"
      },
      "engines": {
        "node": ">=6.0"
      },
      "peerDependenciesMeta": {
        "supports-color": {
          "optional": true
        }
      }
    },
    "node_modules/edit-json-file": {
      "version": "1.7.0",
      "resolved": "https://registry.npmjs.org/edit-json-file/-/edit-json-file-1.7.0.tgz",
      "integrity": "sha512-eIkLJ9i4ija7b2TbaLHy3scyjWFLzwM2Wa6kHbV4ppVLcCqn7FzqnO1vmCG3dLrkd+teWE3mvACfv166mO0VZg==",
      "dependencies": {
        "find-value": "^1.0.12",
        "iterate-object": "^1.3.4",
        "r-json": "^1.2.10",
        "set-value": "^4.1.0",
        "w-json": "^1.3.10"
      }
    },
    "node_modules/find-value": {
      "version": "1.0.12",
      "resolved": "https://registry.npmjs.org/find-value/-/find-value-1.0.12.tgz",
      "integrity": "sha512-OCpo8LTk8eZ2sdDCwbU2Lc3ivYsdM6yod6jP2jHcNEFcjPhkgH0+POzTIol7xx1LZgtbI5rkO5jqxsG5MWtPjQ=="
    },
    "node_modules/https-proxy-agent": {
      "version": "5.0.1",
      "resolved": "https://registry.npmjs.org/https-proxy-agent/-/https-proxy-agent-5.0.1.tgz",
      "integrity": "sha512-dFcAjpTQFgoLMzC2VwU+C/CbS7uRL0lWmxDITmqm7C+7F0Odmj6s9l6alZc6AELXhrnggM2CeWSXHGOdX2YtwA==",
      "dev": true,
      "dependencies": {
        "agent-base": "6",
        "debug": "4"
      },
      "engines": {
        "node": ">= 6"
      }
    },
    "node_modules/is-plain-object": {
      "version": "2.0.4",
      "resolved": "https://registry.npmjs.org/is-plain-object/-/is-plain-object-2.0.4.tgz",
      "integrity": "sha512-h5PpgXkWitc38BBMYawTYMWJHFZJVnBquFE57xFpjB8pJFiF6gZ+bU+WyI/yqXiFR5mdLsgYNaPe8uao6Uv9Og==",
      "dependencies": {
        "isobject": "^3.0.1"
      },
      "engines": {
        "node": ">=0.10.0"
      }
    },
    "node_modules/is-primitive": {
      "version": "3.0.1",
      "resolved": "https://registry.npmjs.org/is-primitive/-/is-primitive-3.0.1.tgz",
      "integrity": "sha512-GljRxhWvlCNRfZyORiH77FwdFwGcMO620o37EOYC0ORWdq+WYNVqW0w2Juzew4M+L81l6/QS3t5gkkihyRqv9w==",
      "engines": {
        "node": ">=0.10.0"
      }
    },
    "node_modules/isobject": {
      "version": "3.0.1",
      "resolved": "https://registry.npmjs.org/isobject/-/isobject-3.0.1.tgz",
      "integrity": "sha512-WhB9zCku7EGTj/HQQRz5aUQEUeoQZH2bWcltRErOpymJ4boYE6wL9Tbr23krRPSZ+C5zqNSrSw+Cc7sZZ4b7vg==",
      "engines": {
        "node": ">=0.10.0"
      }
    },
    "node_modules/iterate-object": {
      "version": "1.3.4",
      "resolved": "https://registry.npmjs.org/iterate-object/-/iterate-object-1.3.4.tgz",
      "integrity": "sha512-4dG1D1x/7g8PwHS9aK6QV5V94+ZvyP4+d19qDv43EzImmrndysIl4prmJ1hWWIGCqrZHyaHBm6BSEWHOLnpoNw=="
    },
    "node_modules/mailosaur": {
      "version": "8.4.0",
      "resolved": "https://registry.npmjs.org/mailosaur/-/mailosaur-8.4.0.tgz",
      "integrity": "sha512-VNKeYsT1TYALsJChn7f39bIya8H8nE6he8AvaIFixM4noBdrkOdRyAMIU89yGDhw+VIqrvEjBGnzAAfDH5vlAA==",
      "dev": true,
      "dependencies": {
        "https-proxy-agent": "^5.0.0"
      },
      "engines": {
        "node": ">= v6.0.0"
      }
    },
    "node_modules/mkdirp": {
      "version": "1.0.4",
      "resolved": "https://registry.npmjs.org/mkdirp/-/mkdirp-1.0.4.tgz",
      "integrity": "sha512-vVqVZQyf3WLx2Shd0qJ9xuvqgAyKPLAiqITEtqW0oIUjzo3PePDd6fW9iFz30ef7Ysp/oiWqbhszeGWW2T6Gzw==",
      "dev": true,
      "bin": {
        "mkdirp": "bin/cmd.js"
      },
      "engines": {
        "node": ">=10"
      }
    },
    "node_modules/ms": {
      "version": "2.1.2",
      "resolved": "https://registry.npmjs.org/ms/-/ms-2.1.2.tgz",
      "integrity": "sha512-sGkPx+VjMtmA6MX27oA4FBFELFCZZ4S4XqeGOXCv68tT+jb3vk/RyaKWP0PTKyWtmLSM0b+adUTEvbs1PEaH2w==",
      "dev": true
    },
    "node_modules/nodemailer": {
      "version": "6.7.5",
      "resolved": "https://registry.npmjs.org/nodemailer/-/nodemailer-6.7.5.tgz",
      "integrity": "sha512-6VtMpwhsrixq1HDYSBBHvW0GwiWawE75dS3oal48VqRhUvKJNnKnJo2RI/bCVQubj1vgrgscMNW4DHaD6xtMCg==",
      "engines": {
        "node": ">=6.0.0"
      }
    },
    "node_modules/playwright-core": {
      "version": "1.22.2",
      "resolved": "https://registry.npmjs.org/playwright-core/-/playwright-core-1.22.2.tgz",
      "integrity": "sha512-w/hc/Ld0RM4pmsNeE6aL/fPNWw8BWit2tg+TfqJ3+p59c6s3B6C8mXvXrIPmfQEobkcFDc+4KirNzOQ+uBSP1Q==",
      "dev": true,
      "bin": {
        "playwright": "cli.js"
      },
      "engines": {
        "node": ">=14"
      }
    },
    "node_modules/properties": {
      "version": "1.2.1",
      "resolved": "https://registry.npmjs.org/properties/-/properties-1.2.1.tgz",
      "integrity": "sha512-qYNxyMj1JeW54i/EWEFsM1cVwxJbtgPp8+0Wg9XjNaK6VE/c4oRi6PNu5p7w1mNXEIQIjV5Wwn8v8Gz82/QzdQ==",
      "dev": true,
      "engines": {
        "node": ">=0.10"
      }
    },
    "node_modules/r-json": {
      "version": "1.2.10",
      "resolved": "https://registry.npmjs.org/r-json/-/r-json-1.2.10.tgz",
      "integrity": "sha512-hu9vyLjSlHXT62NAS7DjI9WazDlvjN0lgp3n431dCVnirVcLkZIpzSwA3orhZEKzdDD2jqNYI+w0yG0aFf4kpA=="
    },
    "node_modules/set-value": {
      "version": "4.1.0",
      "resolved": "https://registry.npmjs.org/set-value/-/set-value-4.1.0.tgz",
      "integrity": "sha512-zTEg4HL0RwVrqcWs3ztF+x1vkxfm0lP+MQQFPiMJTKVceBwEV0A569Ou8l9IYQG8jOZdMVI1hGsc0tmeD2o/Lw==",
      "funding": [
        "https://github.com/sponsors/jonschlinkert",
        "https://paypal.me/jonathanschlinkert",
        "https://jonschlinkert.dev/sponsor"
      ],
      "dependencies": {
        "is-plain-object": "^2.0.4",
        "is-primitive": "^3.0.1"
      },
      "engines": {
        "node": ">=11.0"
      }
    },
    "node_modules/uuid": {
      "version": "8.3.2",
      "resolved": "https://registry.npmjs.org/uuid/-/uuid-8.3.2.tgz",
      "integrity": "sha512-+NYs2QeMWy+GWFOEm9xnn6HCDp0l7QBD7ml8zLUmJ+93Q5NF0NocErnwkTkXVFNiX3/fpC6afS8Dhb/gz7R7eg==",
      "dev": true,
      "bin": {
        "uuid": "dist/bin/uuid"
      }
    },
    "node_modules/w-json": {
      "version": "1.3.10",
      "resolved": "https://registry.npmjs.org/w-json/-/w-json-1.3.10.tgz",
      "integrity": "sha512-XadVyw0xE+oZ5FGApXsdswv96rOhStzKqL53uSe5UaTadABGkWIg1+DTx8kiZ/VqTZTBneoL0l65RcPe4W3ecw=="
    }
  },
  "dependencies": {
    "@playwright/test": {
      "version": "1.22.2",
      "resolved": "https://registry.npmjs.org/@playwright/test/-/test-1.22.2.tgz",
      "integrity": "sha512-cCl96BEBGPtptFz7C2FOSN3PrTnJ3rPpENe+gYCMx4GNNDlN4tmo2D89y13feGKTMMAIVrXfSQ/UmaQKLy1XLA==",
      "dev": true,
      "requires": {
        "@types/node": "*",
        "playwright-core": "1.22.2"
      }
    },
    "@types/node": {
      "version": "18.0.0",
      "resolved": "https://registry.npmjs.org/@types/node/-/node-18.0.0.tgz",
      "integrity": "sha512-cHlGmko4gWLVI27cGJntjs/Sj8th9aYwplmZFwmmgYQQvL5NUsgVJG7OddLvNfLqYS31KFN0s3qlaD9qCaxACA==",
      "dev": true
    },
    "agent-base": {
      "version": "6.0.2",
      "resolved": "https://registry.npmjs.org/agent-base/-/agent-base-6.0.2.tgz",
      "integrity": "sha512-RZNwNclF7+MS/8bDg70amg32dyeZGZxiDuQmZxKLAlQjr3jGyLx+4Kkk58UO7D2QdgFIQCovuSuZESne6RG6XQ==",
      "dev": true,
      "requires": {
        "debug": "4"
      }
    },
    "allure-js-commons": {
      "version": "2.0.0-beta.18",
      "resolved": "https://registry.npmjs.org/allure-js-commons/-/allure-js-commons-2.0.0-beta.18.tgz",
      "integrity": "sha512-LKzfsESnaei/rMxrU7A6HRLg+MtTo9j/b0NPeAsCmEawKss3doOIjvpgrTPtO03mgUwre2+neztg8Lm3WmXsmQ==",
      "dev": true,
      "requires": {
        "mkdirp": "^1.0.4",
        "properties": "^1.2.1",
        "uuid": "^8.3.0"
      }
    },
    "allure-playwright": {
      "version": "2.0.0-beta.18",
      "resolved": "https://registry.npmjs.org/allure-playwright/-/allure-playwright-2.0.0-beta.18.tgz",
      "integrity": "sha512-JUzmZawLWqpHc8iyJcwB5AVxqMVpjmiGwOh30g2PzsrjJv1/gLhHTHeS0fhVzhvM4zYgseTZmdVbpmnjdtxp7g==",
      "dev": true,
      "requires": {
        "allure-js-commons": "2.0.0-beta.18"
      }
    },
    "debug": {
      "version": "4.3.4",
      "resolved": "https://registry.npmjs.org/debug/-/debug-4.3.4.tgz",
      "integrity": "sha512-PRWFHuSU3eDtQJPvnNY7Jcket1j0t5OuOsFzPPzsekD52Zl8qUfFIPEiswXqIvHWGVHOgX+7G/vCNNhehwxfkQ==",
      "dev": true,
      "requires": {
        "ms": "2.1.2"
      }
    },
    "edit-json-file": {
      "version": "1.7.0",
      "resolved": "https://registry.npmjs.org/edit-json-file/-/edit-json-file-1.7.0.tgz",
      "integrity": "sha512-eIkLJ9i4ija7b2TbaLHy3scyjWFLzwM2Wa6kHbV4ppVLcCqn7FzqnO1vmCG3dLrkd+teWE3mvACfv166mO0VZg==",
      "requires": {
        "find-value": "^1.0.12",
        "iterate-object": "^1.3.4",
        "r-json": "^1.2.10",
        "set-value": "^4.1.0",
        "w-json": "^1.3.10"
      }
    },
    "find-value": {
      "version": "1.0.12",
      "resolved": "https://registry.npmjs.org/find-value/-/find-value-1.0.12.tgz",
      "integrity": "sha512-OCpo8LTk8eZ2sdDCwbU2Lc3ivYsdM6yod6jP2jHcNEFcjPhkgH0+POzTIol7xx1LZgtbI5rkO5jqxsG5MWtPjQ=="
    },
    "https-proxy-agent": {
      "version": "5.0.1",
      "resolved": "https://registry.npmjs.org/https-proxy-agent/-/https-proxy-agent-5.0.1.tgz",
      "integrity": "sha512-dFcAjpTQFgoLMzC2VwU+C/CbS7uRL0lWmxDITmqm7C+7F0Odmj6s9l6alZc6AELXhrnggM2CeWSXHGOdX2YtwA==",
      "dev": true,
      "requires": {
        "agent-base": "6",
        "debug": "4"
      }
    },
    "is-plain-object": {
      "version": "2.0.4",
      "resolved": "https://registry.npmjs.org/is-plain-object/-/is-plain-object-2.0.4.tgz",
      "integrity": "sha512-h5PpgXkWitc38BBMYawTYMWJHFZJVnBquFE57xFpjB8pJFiF6gZ+bU+WyI/yqXiFR5mdLsgYNaPe8uao6Uv9Og==",
      "requires": {
        "isobject": "^3.0.1"
      }
    },
    "is-primitive": {
      "version": "3.0.1",
      "resolved": "https://registry.npmjs.org/is-primitive/-/is-primitive-3.0.1.tgz",
      "integrity": "sha512-GljRxhWvlCNRfZyORiH77FwdFwGcMO620o37EOYC0ORWdq+WYNVqW0w2Juzew4M+L81l6/QS3t5gkkihyRqv9w=="
    },
    "isobject": {
      "version": "3.0.1",
      "resolved": "https://registry.npmjs.org/isobject/-/isobject-3.0.1.tgz",
      "integrity": "sha512-WhB9zCku7EGTj/HQQRz5aUQEUeoQZH2bWcltRErOpymJ4boYE6wL9Tbr23krRPSZ+C5zqNSrSw+Cc7sZZ4b7vg=="
    },
    "iterate-object": {
      "version": "1.3.4",
      "resolved": "https://registry.npmjs.org/iterate-object/-/iterate-object-1.3.4.tgz",
      "integrity": "sha512-4dG1D1x/7g8PwHS9aK6QV5V94+ZvyP4+d19qDv43EzImmrndysIl4prmJ1hWWIGCqrZHyaHBm6BSEWHOLnpoNw=="
    },
    "mailosaur": {
      "version": "8.4.0",
      "resolved": "https://registry.npmjs.org/mailosaur/-/mailosaur-8.4.0.tgz",
      "integrity": "sha512-VNKeYsT1TYALsJChn7f39bIya8H8nE6he8AvaIFixM4noBdrkOdRyAMIU89yGDhw+VIqrvEjBGnzAAfDH5vlAA==",
      "dev": true,
      "requires": {
        "https-proxy-agent": "^5.0.0"
      }
    },
    "mkdirp": {
      "version": "1.0.4",
      "resolved": "https://registry.npmjs.org/mkdirp/-/mkdirp-1.0.4.tgz",
      "integrity": "sha512-vVqVZQyf3WLx2Shd0qJ9xuvqgAyKPLAiqITEtqW0oIUjzo3PePDd6fW9iFz30ef7Ysp/oiWqbhszeGWW2T6Gzw==",
      "dev": true
    },
    "ms": {
      "version": "2.1.2",
      "resolved": "https://registry.npmjs.org/ms/-/ms-2.1.2.tgz",
      "integrity": "sha512-sGkPx+VjMtmA6MX27oA4FBFELFCZZ4S4XqeGOXCv68tT+jb3vk/RyaKWP0PTKyWtmLSM0b+adUTEvbs1PEaH2w==",
      "dev": true
    },
    "nodemailer": {
      "version": "6.7.5",
      "resolved": "https://registry.npmjs.org/nodemailer/-/nodemailer-6.7.5.tgz",
      "integrity": "sha512-6VtMpwhsrixq1HDYSBBHvW0GwiWawE75dS3oal48VqRhUvKJNnKnJo2RI/bCVQubj1vgrgscMNW4DHaD6xtMCg=="
    },
    "playwright-core": {
      "version": "1.22.2",
      "resolved": "https://registry.npmjs.org/playwright-core/-/playwright-core-1.22.2.tgz",
      "integrity": "sha512-w/hc/Ld0RM4pmsNeE6aL/fPNWw8BWit2tg+TfqJ3+p59c6s3B6C8mXvXrIPmfQEobkcFDc+4KirNzOQ+uBSP1Q==",
      "dev": true
    },
    "properties": {
      "version": "1.2.1",
      "resolved": "https://registry.npmjs.org/properties/-/properties-1.2.1.tgz",
      "integrity": "sha512-qYNxyMj1JeW54i/EWEFsM1cVwxJbtgPp8+0Wg9XjNaK6VE/c4oRi6PNu5p7w1mNXEIQIjV5Wwn8v8Gz82/QzdQ==",
      "dev": true
    },
    "r-json": {
      "version": "1.2.10",
      "resolved": "https://registry.npmjs.org/r-json/-/r-json-1.2.10.tgz",
      "integrity": "sha512-hu9vyLjSlHXT62NAS7DjI9WazDlvjN0lgp3n431dCVnirVcLkZIpzSwA3orhZEKzdDD2jqNYI+w0yG0aFf4kpA=="
    },
    "set-value": {
      "version": "4.1.0",
      "resolved": "https://registry.npmjs.org/set-value/-/set-value-4.1.0.tgz",
      "integrity": "sha512-zTEg4HL0RwVrqcWs3ztF+x1vkxfm0lP+MQQFPiMJTKVceBwEV0A569Ou8l9IYQG8jOZdMVI1hGsc0tmeD2o/Lw==",
      "requires": {
        "is-plain-object": "^2.0.4",
        "is-primitive": "^3.0.1"
      }
    },
    "uuid": {
      "version": "8.3.2",
      "resolved": "https://registry.npmjs.org/uuid/-/uuid-8.3.2.tgz",
      "integrity": "sha512-+NYs2QeMWy+GWFOEm9xnn6HCDp0l7QBD7ml8zLUmJ+93Q5NF0NocErnwkTkXVFNiX3/fpC6afS8Dhb/gz7R7eg==",
      "dev": true
    },
    "w-json": {
      "version": "1.3.10",
      "resolved": "https://registry.npmjs.org/w-json/-/w-json-1.3.10.tgz",
      "integrity": "sha512-XadVyw0xE+oZ5FGApXsdswv96rOhStzKqL53uSe5UaTadABGkWIg1+DTx8kiZ/VqTZTBneoL0l65RcPe4W3ecw=="
    }
  }
}
